{
  "name": "ZaraOS-DriverStation",
  "lockfileVersion": 3,
  "requires": true,
  "packages": {
    "": {
      "dependencies": {
        "@azure/msal-browser": "^5.6.1",
        "@azure/msal-react": "^5.1.0"
      }
    },
    "node_modules/@azure/msal-browser": {
      "version": "5.6.1",
      "resolved": "https://registry.npmjs.org/@azure/msal-browser/-/msal-browser-5.6.1.tgz",
      "integrity": "sha512-Ylmp8yngH7YRLV5mA1aF4CNS6WsJTPbVXaA0Tb1x1Gv/J3BM3hE4Q7nDaf7dRfU00FcxDBBudTjqlpH74ZSsgw==",
      "license": "MIT",
      "dependencies": {
        "@azure/msal-common": "16.4.0"
      },
      "engines": {
        "node": ">=0.8.0"
      }
    },
    "node_modules/@azure/msal-common": {
      "version": "16.4.0",
      "resolved": "https://registry.npmjs.org/@azure/msal-common/-/msal-common-16.4.0.tgz",
      "integrity": "sha512-twXt09PYtj1PffNNIAzQlrBd0DS91cdA6i1gAfzJ6BnPM4xNk5k9q/5xna7jLIjU3Jnp0slKYtucshGM8OGNAw==",
      "license": "MIT",
      "engines": {
        "node": ">=0.8.0"
      }
    },
    "node_modules/@azure/msal-react": {
      "version": "5.1.0",
      "resolved": "https://registry.npmjs.org/@azure/msal-react/-/msal-react-5.1.0.tgz",
      "integrity": "sha512-rWl/a9Gyt5ouBFx3F59xlX4KIyqKM5PZXTcZ3lHpwm4K8nqFWD/5htRIhfmWraQ5PZffUe65JqHT1DIgCT+BsA==",
      "license": "MIT",
      "engines": {
        "node": ">=20"
      },
      "peerDependencies": {
        "@azure/msal-browser": "^5.6.0",
        "react": "^18.0.0 || ^19.2.1"
      }
    },
    "node_modules/react": {
      "version": "19.2.4",
      "resolved": "https://registry.npmjs.org/react/-/react-19.2.4.tgz",
      "integrity": "sha512-9nfp2hYpCwOjAN+8TZFGhtWEwgvWHXqESH8qT89AT/lWklpLON22Lc8pEtnpsZz7VmawabSU0gCjnj8aC0euHQ==",
      "license": "MIT",
      "peer": true,
      "engines": {
        "node": ">=0.10.0"
      }
    }
  }
}
